<?xml version="1.0" encoding="utf-8"?>
<Project ToolsVersion="4.0" xmlns="http://schemas.microsoft.com/developer/msbuild/2003">
  <ItemGroup>
    <Filter Include="ソース ファイル">
      <UniqueIdentifier>{4FC737F1-C7A5-4376-A066-2A32D752A2FF}</UniqueIdentifier>
      <Extensions>cpp;c;cc;cxx;c++;cppm;ixx;def;odl;idl;hpj;bat;asm;asmx</Extensions>
    </Filter>
    <Filter Include="ヘッダー ファイル">
      <UniqueIdentifier>{93995380-89BD-4b04-88EB-625FBE52EBFB}</UniqueIdentifier>
      <Extensions>h;hh;hpp;hxx;h++;hm;inl;inc;ipp;xsd</Extensions>
    </Filter>
    <Filter Include="リソース ファイル">
      <UniqueIdentifier>{67DA6AB6-F800-4c08-8B7A-83BB121AAD01}</UniqueIdentifier>
      <Extensions>rc;ico;cur;bmp;dlg;rc2;rct;bin;rgs;gif;jpg;jpeg;jpe;resx;tiff;tif;png;wav;mfcribbon-ms</Extensions>
    </Filter>
    <Filter Include="シェーダーファイル">
      <UniqueIdentifier>{7e5584a5-2895-4181-9eaf-f65622106b57}</UniqueIdentifier>
    </Filter>
    <Filter Include="2d">
      <UniqueIdentifier>{e86fe753-e9c9-49e3-8444-c9f68b2a16fe}</UniqueIdentifier>
    </Filter>
    <Filter Include="3d">
      <UniqueIdentifier>{39989744-eded-414f-a382-f146241ab278}</UniqueIdentifier>
    </Filter>
    <Filter Include="base">
      <UniqueIdentifier>{a7286227-a555-4b62-b925-40efebda30f3}</UniqueIdentifier>
    </Filter>
    <Filter Include="camera">
      <UniqueIdentifier>{cbabec05-d084-4caf-bd0a-786faffdc2e5}</UniqueIdentifier>
    </Filter>
    <Filter Include="input">
      <UniqueIdentifier>{d8478f7c-8b38-4563-96f3-3ade51d34971}</UniqueIdentifier>
    </Filter>
    <Filter Include="scene">
      <UniqueIdentifier>{e46b5981-74c2-4067-a69a-5d4d9c8d5c77}</UniqueIdentifier>
    </Filter>
    <Filter Include="sound">
      <UniqueIdentifier>{dd5c1ca8-cbb1-4ee3-9a52-c8ba9911c922}</UniqueIdentifier>
    </Filter>
  </ItemGroup>
  <ItemGroup>
    <ClCompile Include="main.cpp">
      <Filter>ソース ファイル</Filter>
    </ClCompile>
    <ClCompile Include="2d\DebugText.cpp">
      <Filter>2d</Filter>
    </ClCompile>
    <ClCompile Include="2d\Sprite.cpp">
      <Filter>2d</Filter>
    </ClCompile>
    <ClCompile Include="2d\SpriteCommon.cpp">
      <Filter>2d</Filter>
    </ClCompile>
    <ClCompile Include="2d\PostEffect.cpp">
      <Filter>2d</Filter>
    </ClCompile>
    <ClCompile Include="3d\FbxLoader.cpp">
      <Filter>3d</Filter>
    </ClCompile>
    <ClCompile Include="3d\FbxModel.cpp">
      <Filter>3d</Filter>
    </ClCompile>
    <ClCompile Include="3d\FbxObject3d.cpp">
      <Filter>3d</Filter>
    </ClCompile>
    <ClCompile Include="3d\Model.cpp">
      <Filter>3d</Filter>
    </ClCompile>
    <ClCompile Include="3d\Object3d.cpp">
      <Filter>3d</Filter>
    </ClCompile>
    <ClCompile Include="base\DirectXCommon.cpp">
      <Filter>base</Filter>
    </ClCompile>
    <ClCompile Include="base\GameBase.cpp">
      <Filter>base</Filter>
    </ClCompile>
    <ClCompile Include="base\MyGameEngine.cpp">
      <Filter>base</Filter>
    </ClCompile>
    <ClCompile Include="base\SceneFactory.cpp">
      <Filter>base</Filter>
    </ClCompile>
    <ClCompile Include="base\SceneManager.cpp">
      <Filter>base</Filter>
    </ClCompile>
    <ClCompile Include="base\WinApp.cpp">
      <Filter>base</Filter>
    </ClCompile>
    <ClCompile Include="camera\Camera.cpp">
      <Filter>camera</Filter>
    </ClCompile>
    <ClCompile Include="input\input.cpp">
      <Filter>input</Filter>
    </ClCompile>
    <ClCompile Include="scene\AbstractSceneFactory.cpp">
      <Filter>scene</Filter>
    </ClCompile>
    <ClCompile Include="scene\GameScene.cpp">
      <Filter>scene</Filter>
    </ClCompile>
    <ClCompile Include="scene\TitleScene.cpp">
      <Filter>scene</Filter>
    </ClCompile>
    <ClCompile Include="sound\Sound.cpp">
      <Filter>sound</Filter>
    </ClCompile>
  </ItemGroup>
  <ItemGroup>
    <None Include="Resources\shaders\Basic.hlsli">
      <Filter>シェーダーファイル</Filter>
    </None>
    <None Include="Resources\shaders\OBJShaderHeader.hlsli">
      <Filter>シェーダーファイル</Filter>
    </None>
    <None Include="Resources\shaders\PostEffectTest.hlsli">
      <Filter>シェーダーファイル</Filter>
    </None>
    <None Include="Resources\shaders\FBX.hlsli">
      <Filter>シェーダーファイル</Filter>
    </None>
    <None Include="Resources\shaders\Sprite.hlsli">
      <Filter>シェーダーファイル</Filter>
    </None>
  </ItemGroup>
  <ItemGroup>
    <FxCompile Include="Resources\shaders\BasicPS.hlsl">
      <Filter>シェーダーファイル</Filter>
    </FxCompile>
    <FxCompile Include="Resources\shaders\BasicVS.hlsl">
      <Filter>シェーダーファイル</Filter>
    </FxCompile>
    <FxCompile Include="Resources\shaders\SpritePS.hlsl">
      <Filter>シェーダーファイル</Filter>
    </FxCompile>
    <FxCompile Include="Resources\shaders\SpriteVS.hlsl">
      <Filter>シェーダーファイル</Filter>
    </FxCompile>
    <FxCompile Include="Resources\shaders\OBJPixelShader.hlsl">
      <Filter>シェーダーファイル</Filter>
    </FxCompile>
    <FxCompile Include="Resources\shaders\OBJVertexShader.hlsl">
      <Filter>シェーダーファイル</Filter>
    </FxCompile>
    <FxCompile Include="Resources\shaders\PostEffectTestPS.hlsl">
      <Filter>シェーダーファイル</Filter>
    </FxCompile>
    <FxCompile Include="Resources\shaders\PostEffectTestVS.hlsl">
      <Filter>シェーダーファイル</Filter>
    </FxCompile>
    <FxCompile Include="Resources\shaders\FBXPS.hlsl">
      <Filter>シェーダーファイル</Filter>
    </FxCompile>
    <FxCompile Include="Resources\shaders\FBXVS.hlsl">
      <Filter>シェーダーファイル</Filter>
    </FxCompile>
  </ItemGroup>
  <ItemGroup>
    <ClInclude Include="resource.h">
      <Filter>ヘッダー ファイル</Filter>
    </ClInclude>
    <ClInclude Include="2d\DebugText.h">
      <Filter>2d</Filter>
    </ClInclude>
    <ClInclude Include="2d\Sprite.h">
      <Filter>2d</Filter>
    </ClInclude>
    <ClInclude Include="2d\SpriteCommon.h">
      <Filter>2d</Filter>
    </ClInclude>
    <ClInclude Include="2d\PostEffect.h">
      <Filter>2d</Filter>
    </ClInclude>
    <ClInclude Include="3d\FbxLoader.h">
      <Filter>3d</Filter>
    </ClInclude>
    <ClInclude Include="3d\FbxModel.h">
      <Filter>3d</Filter>
    </ClInclude>
    <ClInclude Include="3d\FbxObject3d.h">
      <Filter>3d</Filter>
    </ClInclude>
    <ClInclude Include="3d\Model.h">
      <Filter>3d</Filter>
    </ClInclude>
    <ClInclude Include="3d\Object3d.h">
      <Filter>3d</Filter>
    </ClInclude>
    <ClInclude Include="base\BaseScene.h">
      <Filter>base</Filter>
    </ClInclude>
    <ClInclude Include="base\DirectXCommon.h">
      <Filter>base</Filter>
    </ClInclude>
    <ClInclude Include="base\GameBase.h">
      <Filter>base</Filter>
    </ClInclude>
    <ClInclude Include="base\MyGameEngine.h">
      <Filter>base</Filter>
    </ClInclude>
    <ClInclude Include="base\PipelineSet.h">
      <Filter>base</Filter>
    </ClInclude>
    <ClInclude Include="base\SafeDelete.h">
      <Filter>base</Filter>
    </ClInclude>
    <ClInclude Include="base\SceneFactory.h">
      <Filter>base</Filter>
    </ClInclude>
    <ClInclude Include="base\SceneManager.h">
      <Filter>base</Filter>
    </ClInclude>
    <ClInclude Include="base\WinApp.h">
      <Filter>base</Filter>
    </ClInclude>
    <ClInclude Include="camera\Camera.h">
      <Filter>camera</Filter>
    </ClInclude>
    <ClInclude Include="input\input.h">
      <Filter>input</Filter>
    </ClInclude>
    <ClInclude Include="scene\AbstractSceneFactory.h">
      <Filter>scene</Filter>
    </ClInclude>
    <ClInclude Include="scene\GameScene.h">
      <Filter>scene</Filter>
    </ClInclude>
    <ClInclude Include="scene\TitleScene.h">
      <Filter>scene</Filter>
    </ClInclude>
    <ClInclude Include="sound\Sound.h">
      <Filter>sound</Filter>
    </ClInclude>
  </ItemGroup>
  <ItemGroup>
    <ResourceCompile Include="DirectXGame.rc">
      <Filter>リソース ファイル</Filter>
    </ResourceCompile>
  </ItemGroup>
</Project>